{
  "name": "new-node-app",
  "version": "0.0.1",
  "lockfileVersion": 1,
  "requires": true,
  "dependencies": {
    "node-deb": {
      "version": "0.10.7",
      "resolved": "https://registry.npmjs.org/node-deb/-/node-deb-0.10.7.tgz",
      "integrity": "sha512-MEXsGSjNcf7HVkaId8wIBjmEa5l1FuLR+KYr84n4RIDj9gDF9VwxU0gvV+9fUYYmZZ9bP+1MvDDOz/ELrMizAA=="
    }
  }
}
